
Microsoft Visual Studio Solution File, Format Version 12.00
# Visual Studio Version 17
VisualStudioVersion = 17.0.31903.59
MinimumVisualStudioVersion = 10.0.40219.1
Project("{2150E333-8FDC-42A3-9474-1A3956D46DE8}") = "src", "src", "{4EA2FD59-5516-4B0C-B530-B6C71723E09A}"
EndProject
Project("{FAE04EC0-301F-11D3-BF4B-00C04F79EFBC}") = "AuctionService", "src\AuctionService\AuctionService.csproj", "{D202A7F4-4D0D-4AC6-88A0-923F6D9DD32D}"
EndProject
Project("{FAE04EC0-301F-11D3-BF4B-00C04F79EFBC}") = "SearchService", "src\SearchService\SearchService.csproj", "{43540144-8223-48D9-8AFA-3E225CADA374}"
EndProject
Project("{FAE04EC0-301F-11D3-BF4B-00C04F79EFBC}") = "Contracts", "src\Contracts\Contracts.csproj", "{A1EF3828-4800-45E0-8C3D-C82EAB84E412}"
EndProject
Project("{FAE04EC0-301F-11D3-BF4B-00C04F79EFBC}") = "IdentityService", "src\IdentityService\IdentityService.csproj", "{E205854C-192E-4126-89B4-60763AF77F92}"
EndProject
Project("{FAE04EC0-301F-11D3-BF4B-00C04F79EFBC}") = "GatewayService", "src\GatewayService\GatewayService.csproj", "{750A531F-CA62-4D4B-A748-FE07B3EADB19}"
EndProject
Project("{FAE04EC0-301F-11D3-BF4B-00C04F79EFBC}") = "BiddingService", "src\BiddingService\BiddingService.csproj", "{C2953E4D-1E2E-4D12-A591-9D2476F06333}"
EndProject
Global
	GlobalSection(SolutionConfigurationPlatforms) = preSolution
		Debug|Any CPU = Debug|Any CPU
		Release|Any CPU = Release|Any CPU
	EndGlobalSection
	GlobalSection(SolutionProperties) = preSolution
		HideSolutionNode = FALSE
	EndGlobalSection
	GlobalSection(ProjectConfigurationPlatforms) = postSolution
		{D202A7F4-4D0D-4AC6-88A0-923F6D9DD32D}.Debug|Any CPU.ActiveCfg = Debug|Any CPU
		{D202A7F4-4D0D-4AC6-88A0-923F6D9DD32D}.Debug|Any CPU.Build.0 = Debug|Any CPU
		{D202A7F4-4D0D-4AC6-88A0-923F6D9DD32D}.Release|Any CPU.ActiveCfg = Release|Any CPU
		{D202A7F4-4D0D-4AC6-88A0-923F6D9DD32D}.Release|Any CPU.Build.0 = Release|Any CPU
		{43540144-8223-48D9-8AFA-3E225CADA374}.Debug|Any CPU.ActiveCfg = Debug|Any CPU
		{43540144-8223-48D9-8AFA-3E225CADA374}.Debug|Any CPU.Build.0 = Debug|Any CPU
		{43540144-8223-48D9-8AFA-3E225CADA374}.Release|Any CPU.ActiveCfg = Release|Any CPU
		{43540144-8223-48D9-8AFA-3E225CADA374}.Release|Any CPU.Build.0 = Release|Any CPU
		{A1EF3828-4800-45E0-8C3D-C82EAB84E412}.Debug|Any CPU.ActiveCfg = Debug|Any CPU
		{A1EF3828-4800-45E0-8C3D-C82EAB84E412}.Debug|Any CPU.Build.0 = Debug|Any CPU
		{A1EF3828-4800-45E0-8C3D-C82EAB84E412}.Release|Any CPU.ActiveCfg = Release|Any CPU
		{A1EF3828-4800-45E0-8C3D-C82EAB84E412}.Release|Any CPU.Build.0 = Release|Any CPU
		{E205854C-192E-4126-89B4-60763AF77F92}.Debug|Any CPU.ActiveCfg = Debug|Any CPU
		{E205854C-192E-4126-89B4-60763AF77F92}.Debug|Any CPU.Build.0 = Debug|Any CPU
		{E205854C-192E-4126-89B4-60763AF77F92}.Release|Any CPU.ActiveCfg = Release|Any CPU
		{E205854C-192E-4126-89B4-60763AF77F92}.Release|Any CPU.Build.0 = Release|Any CPU
		{750A531F-CA62-4D4B-A748-FE07B3EADB19}.Debug|Any CPU.ActiveCfg = Debug|Any CPU
		{750A531F-CA62-4D4B-A748-FE07B3EADB19}.Debug|Any CPU.Build.0 = Debug|Any CPU
		{750A531F-CA62-4D4B-A748-FE07B3EADB19}.Release|Any CPU.ActiveCfg = Release|Any CPU
		{750A531F-CA62-4D4B-A748-FE07B3EADB19}.Release|Any CPU.Build.0 = Release|Any CPU
		{C2953E4D-1E2E-4D12-A591-9D2476F06333}.Debug|Any CPU.ActiveCfg = Debug|Any CPU
		{C2953E4D-1E2E-4D12-A591-9D2476F06333}.Debug|Any CPU.Build.0 = Debug|Any CPU
		{C2953E4D-1E2E-4D12-A591-9D2476F06333}.Release|Any CPU.ActiveCfg = Release|Any CPU
		{C2953E4D-1E2E-4D12-A591-9D2476F06333}.Release|Any CPU.Build.0 = Release|Any CPU
	EndGlobalSection
	GlobalSection(NestedProjects) = preSolution
		{D202A7F4-4D0D-4AC6-88A0-923F6D9DD32D} = {4EA2FD59-5516-4B0C-B530-B6C71723E09A}
		{43540144-8223-48D9-8AFA-3E225CADA374} = {4EA2FD59-5516-4B0C-B530-B6C71723E09A}
		{A1EF3828-4800-45E0-8C3D-C82EAB84E412} = {4EA2FD59-5516-4B0C-B530-B6C71723E09A}
		{E205854C-192E-4126-89B4-60763AF77F92} = {4EA2FD59-5516-4B0C-B530-B6C71723E09A}
		{750A531F-CA62-4D4B-A748-FE07B3EADB19} = {4EA2FD59-5516-4B0C-B530-B6C71723E09A}
		{C2953E4D-1E2E-4D12-A591-9D2476F06333} = {4EA2FD59-5516-4B0C-B530-B6C71723E09A}
	EndGlobalSection
EndGlobal
